
Microsoft Visual Studio Solution File, Format Version 12.00
# Visual Studio Version 16
VisualStudioVersion = 16.0.30413.136
MinimumVisualStudioVersion = 10.0.40219.1
Project("{FAE04EC0-301F-11D3-BF4B-00C04F79EFBC}") = "Task_sem_03_16", "Task_sem_03_16\Task_sem_03_16.csproj", "{2F1C8282-AEFC-47E5-99BD-F48621D18F4D}"
EndProject
Global
	GlobalSection(SolutionConfigurationPlatforms) = preSolution
		Debug|Any CPU = Debug|Any CPU
		Release|Any CPU = Release|Any CPU
	EndGlobalSection
	GlobalSection(ProjectConfigurationPlatforms) = postSolution
		{2F1C8282-AEFC-47E5-99BD-F48621D18F4D}.Debug|Any CPU.ActiveCfg = Debug|Any CPU
		{2F1C8282-AEFC-47E5-99BD-F48621D18F4D}.Debug|Any CPU.Build.0 = Debug|Any CPU
		{2F1C8282-AEFC-47E5-99BD-F48621D18F4D}.Release|Any CPU.ActiveCfg = Release|Any CPU
		{2F1C8282-AEFC-47E5-99BD-F48621D18F4D}.Release|Any CPU.Build.0 = Release|Any CPU
	EndGlobalSection
	GlobalSection(SolutionProperties) = preSolution
		HideSolutionNode = FALSE
	EndGlobalSection
	GlobalSection(ExtensibilityGlobals) = postSolution
		SolutionGuid = {3E2AAD27-3D45-4062-9F8F-BA6C7FD8756E}
	EndGlobalSection
EndGlobal
