
Microsoft Visual Studio Solution File, Format Version 12.00
# Visual Studio Version 16
VisualStudioVersion = 16.0.30413.136
MinimumVisualStudioVersion = 10.0.40219.1
Project("{FAE04EC0-301F-11D3-BF4B-00C04F79EFBC}") = "Task6", "Task6\Task6.csproj", "{A5331137-047B-4096-AAD6-F7A216E7223F}"
EndProject
Global
	GlobalSection(SolutionConfigurationPlatforms) = preSolution
		Debug|Any CPU = Debug|Any CPU
		Release|Any CPU = Release|Any CPU
	EndGlobalSection
	GlobalSection(ProjectConfigurationPlatforms) = postSolution
		{A5331137-047B-4096-AAD6-F7A216E7223F}.Debug|Any CPU.ActiveCfg = Debug|Any CPU
		{A5331137-047B-4096-AAD6-F7A216E7223F}.Debug|Any CPU.Build.0 = Debug|Any CPU
		{A5331137-047B-4096-AAD6-F7A216E7223F}.Release|Any CPU.ActiveCfg = Release|Any CPU
		{A5331137-047B-4096-AAD6-F7A216E7223F}.Release|Any CPU.Build.0 = Release|Any CPU
	EndGlobalSection
	GlobalSection(SolutionProperties) = preSolution
		HideSolutionNode = FALSE
	EndGlobalSection
	GlobalSection(ExtensibilityGlobals) = postSolution
		SolutionGuid = {0AB86500-70DD-455B-A820-972C0480D03E}
	EndGlobalSection
EndGlobal
