
Microsoft Visual Studio Solution File, Format Version 12.00
# Visual Studio Version 16
VisualStudioVersion = 16.0.31005.135
MinimumVisualStudioVersion = 10.0.40219.1
Project("{FAE04EC0-301F-11D3-BF4B-00C04F79EFBC}") = "Task02", "Task02.csproj", "{4BBECC3A-07C5-4D38-B0BD-06C07D7C6B77}"
EndProject
Global
	GlobalSection(SolutionConfigurationPlatforms) = preSolution
		Debug|Any CPU = Debug|Any CPU
		Release|Any CPU = Release|Any CPU
	EndGlobalSection
	GlobalSection(ProjectConfigurationPlatforms) = postSolution
		{4BBECC3A-07C5-4D38-B0BD-06C07D7C6B77}.Debug|Any CPU.ActiveCfg = Debug|Any CPU
		{4BBECC3A-07C5-4D38-B0BD-06C07D7C6B77}.Debug|Any CPU.Build.0 = Debug|Any CPU
		{4BBECC3A-07C5-4D38-B0BD-06C07D7C6B77}.Release|Any CPU.ActiveCfg = Release|Any CPU
		{4BBECC3A-07C5-4D38-B0BD-06C07D7C6B77}.Release|Any CPU.Build.0 = Release|Any CPU
	EndGlobalSection
	GlobalSection(SolutionProperties) = preSolution
		HideSolutionNode = FALSE
	EndGlobalSection
	GlobalSection(ExtensibilityGlobals) = postSolution
		SolutionGuid = {D5BFB857-430A-4FB0-9750-C2FBDC20D253}
	EndGlobalSection
EndGlobal
