
Microsoft Visual Studio Solution File, Format Version 12.00
# Visual Studio Version 16
VisualStudioVersion = 16.0.31005.135
MinimumVisualStudioVersion = 10.0.40219.1
Project("{FAE04EC0-301F-11D3-BF4B-00C04F79EFBC}") = "Task_02", "Task_02.csproj", "{56A9EDC3-AC47-4A41-82A0-797C8E0FC95E}"
EndProject
Global
	GlobalSection(SolutionConfigurationPlatforms) = preSolution
		Debug|Any CPU = Debug|Any CPU
		Release|Any CPU = Release|Any CPU
	EndGlobalSection
	GlobalSection(ProjectConfigurationPlatforms) = postSolution
		{56A9EDC3-AC47-4A41-82A0-797C8E0FC95E}.Debug|Any CPU.ActiveCfg = Debug|Any CPU
		{56A9EDC3-AC47-4A41-82A0-797C8E0FC95E}.Debug|Any CPU.Build.0 = Debug|Any CPU
		{56A9EDC3-AC47-4A41-82A0-797C8E0FC95E}.Release|Any CPU.ActiveCfg = Release|Any CPU
		{56A9EDC3-AC47-4A41-82A0-797C8E0FC95E}.Release|Any CPU.Build.0 = Release|Any CPU
	EndGlobalSection
	GlobalSection(SolutionProperties) = preSolution
		HideSolutionNode = FALSE
	EndGlobalSection
	GlobalSection(ExtensibilityGlobals) = postSolution
		SolutionGuid = {6C797BA3-67CB-4E65-BC44-7731356FBA5F}
	EndGlobalSection
EndGlobal
