
Microsoft Visual Studio Solution File, Format Version 12.00
# Visual Studio Version 16
VisualStudioVersion = 16.0.30413.136
MinimumVisualStudioVersion = 10.0.40219.1
Project("{FAE04EC0-301F-11D3-BF4B-00C04F79EFBC}") = "Task1", "Task1\Task1.csproj", "{04F6C6B2-4139-4220-A239-A325778FC5C6}"
EndProject
Global
	GlobalSection(SolutionConfigurationPlatforms) = preSolution
		Debug|Any CPU = Debug|Any CPU
		Release|Any CPU = Release|Any CPU
	EndGlobalSection
	GlobalSection(ProjectConfigurationPlatforms) = postSolution
		{04F6C6B2-4139-4220-A239-A325778FC5C6}.Debug|Any CPU.ActiveCfg = Debug|Any CPU
		{04F6C6B2-4139-4220-A239-A325778FC5C6}.Debug|Any CPU.Build.0 = Debug|Any CPU
		{04F6C6B2-4139-4220-A239-A325778FC5C6}.Release|Any CPU.ActiveCfg = Release|Any CPU
		{04F6C6B2-4139-4220-A239-A325778FC5C6}.Release|Any CPU.Build.0 = Release|Any CPU
	EndGlobalSection
	GlobalSection(SolutionProperties) = preSolution
		HideSolutionNode = FALSE
	EndGlobalSection
	GlobalSection(ExtensibilityGlobals) = postSolution
		SolutionGuid = {D3806D99-0E3F-4B9F-B822-7FE297D9E58B}
	EndGlobalSection
EndGlobal
