
Microsoft Visual Studio Solution File, Format Version 12.00
# Visual Studio Version 16
VisualStudioVersion = 16.0.30413.136
MinimumVisualStudioVersion = 10.0.40219.1
Project("{FAE04EC0-301F-11D3-BF4B-00C04F79EFBC}") = "Taks1", "Taks1\Taks1.csproj", "{3FC1F295-E893-4F98-A2DD-A5C39B961E96}"
EndProject
Project("{FAE04EC0-301F-11D3-BF4B-00C04F79EFBC}") = "Task1_second_part", "Task1_second_part\Task1_second_part.csproj", "{11D2028C-9830-4321-BA10-47C4E14AAB33}"
EndProject
Global
	GlobalSection(SolutionConfigurationPlatforms) = preSolution
		Debug|Any CPU = Debug|Any CPU
		Release|Any CPU = Release|Any CPU
	EndGlobalSection
	GlobalSection(ProjectConfigurationPlatforms) = postSolution
		{3FC1F295-E893-4F98-A2DD-A5C39B961E96}.Debug|Any CPU.ActiveCfg = Debug|Any CPU
		{3FC1F295-E893-4F98-A2DD-A5C39B961E96}.Debug|Any CPU.Build.0 = Debug|Any CPU
		{3FC1F295-E893-4F98-A2DD-A5C39B961E96}.Release|Any CPU.ActiveCfg = Release|Any CPU
		{3FC1F295-E893-4F98-A2DD-A5C39B961E96}.Release|Any CPU.Build.0 = Release|Any CPU
		{11D2028C-9830-4321-BA10-47C4E14AAB33}.Debug|Any CPU.ActiveCfg = Debug|Any CPU
		{11D2028C-9830-4321-BA10-47C4E14AAB33}.Debug|Any CPU.Build.0 = Debug|Any CPU
		{11D2028C-9830-4321-BA10-47C4E14AAB33}.Release|Any CPU.ActiveCfg = Release|Any CPU
		{11D2028C-9830-4321-BA10-47C4E14AAB33}.Release|Any CPU.Build.0 = Release|Any CPU
	EndGlobalSection
	GlobalSection(SolutionProperties) = preSolution
		HideSolutionNode = FALSE
	EndGlobalSection
	GlobalSection(ExtensibilityGlobals) = postSolution
		SolutionGuid = {02EC7900-8297-4053-B925-BDB69B636881}
	EndGlobalSection
EndGlobal
