
Microsoft Visual Studio Solution File, Format Version 12.00
# Visual Studio Version 16
VisualStudioVersion = 16.0.30413.136
MinimumVisualStudioVersion = 10.0.40219.1
Project("{FAE04EC0-301F-11D3-BF4B-00C04F79EFBC}") = "Task1", "Task1\Task1.csproj", "{FA47FA99-CE01-4BB0-ABA7-3857EC999AD1}"
EndProject
Global
	GlobalSection(SolutionConfigurationPlatforms) = preSolution
		Debug|Any CPU = Debug|Any CPU
		Release|Any CPU = Release|Any CPU
	EndGlobalSection
	GlobalSection(ProjectConfigurationPlatforms) = postSolution
		{FA47FA99-CE01-4BB0-ABA7-3857EC999AD1}.Debug|Any CPU.ActiveCfg = Debug|Any CPU
		{FA47FA99-CE01-4BB0-ABA7-3857EC999AD1}.Debug|Any CPU.Build.0 = Debug|Any CPU
		{FA47FA99-CE01-4BB0-ABA7-3857EC999AD1}.Release|Any CPU.ActiveCfg = Release|Any CPU
		{FA47FA99-CE01-4BB0-ABA7-3857EC999AD1}.Release|Any CPU.Build.0 = Release|Any CPU
	EndGlobalSection
	GlobalSection(SolutionProperties) = preSolution
		HideSolutionNode = FALSE
	EndGlobalSection
	GlobalSection(ExtensibilityGlobals) = postSolution
		SolutionGuid = {4A295CB0-C7DF-4FDA-B760-4BE587F1872D}
	EndGlobalSection
EndGlobal
