
Microsoft Visual Studio Solution File, Format Version 12.00
# Visual Studio Version 16
VisualStudioVersion = 16.0.31105.61
MinimumVisualStudioVersion = 10.0.40219.1
Project("{FAE04EC0-301F-11D3-BF4B-00C04F79EFBC}") = "Task_04", "Task_04.csproj", "{722B9395-879A-4D74-9786-C4600CD674EB}"
EndProject
Global
	GlobalSection(SolutionConfigurationPlatforms) = preSolution
		Debug|Any CPU = Debug|Any CPU
		Release|Any CPU = Release|Any CPU
	EndGlobalSection
	GlobalSection(ProjectConfigurationPlatforms) = postSolution
		{722B9395-879A-4D74-9786-C4600CD674EB}.Debug|Any CPU.ActiveCfg = Debug|Any CPU
		{722B9395-879A-4D74-9786-C4600CD674EB}.Debug|Any CPU.Build.0 = Debug|Any CPU
		{722B9395-879A-4D74-9786-C4600CD674EB}.Release|Any CPU.ActiveCfg = Release|Any CPU
		{722B9395-879A-4D74-9786-C4600CD674EB}.Release|Any CPU.Build.0 = Release|Any CPU
	EndGlobalSection
	GlobalSection(SolutionProperties) = preSolution
		HideSolutionNode = FALSE
	EndGlobalSection
	GlobalSection(ExtensibilityGlobals) = postSolution
		SolutionGuid = {F34BE36A-4A5C-45D5-9664-56B546990B69}
	EndGlobalSection
EndGlobal
