
Microsoft Visual Studio Solution File, Format Version 12.00
# Visual Studio Version 16
VisualStudioVersion = 16.0.30413.136
MinimumVisualStudioVersion = 10.0.40219.1
Project("{FAE04EC0-301F-11D3-BF4B-00C04F79EFBC}") = "Task2", "Task2\Task2.csproj", "{0418553D-9FB0-4EF9-A33A-C9B3EA74177B}"
EndProject
Global
	GlobalSection(SolutionConfigurationPlatforms) = preSolution
		Debug|Any CPU = Debug|Any CPU
		Release|Any CPU = Release|Any CPU
	EndGlobalSection
	GlobalSection(ProjectConfigurationPlatforms) = postSolution
		{0418553D-9FB0-4EF9-A33A-C9B3EA74177B}.Debug|Any CPU.ActiveCfg = Debug|Any CPU
		{0418553D-9FB0-4EF9-A33A-C9B3EA74177B}.Debug|Any CPU.Build.0 = Debug|Any CPU
		{0418553D-9FB0-4EF9-A33A-C9B3EA74177B}.Release|Any CPU.ActiveCfg = Release|Any CPU
		{0418553D-9FB0-4EF9-A33A-C9B3EA74177B}.Release|Any CPU.Build.0 = Release|Any CPU
	EndGlobalSection
	GlobalSection(SolutionProperties) = preSolution
		HideSolutionNode = FALSE
	EndGlobalSection
	GlobalSection(ExtensibilityGlobals) = postSolution
		SolutionGuid = {62004337-5339-4EA9-8697-5AD101CFEBC8}
	EndGlobalSection
EndGlobal
