
Microsoft Visual Studio Solution File, Format Version 12.00
# Visual Studio Version 16
VisualStudioVersion = 16.0.30413.136
MinimumVisualStudioVersion = 10.0.40219.1
Project("{FAE04EC0-301F-11D3-BF4B-00C04F79EFBC}") = "Task_1_slide_33", "Task_1_slide_33.csproj", "{4A3498CE-3399-4778-8EA5-10084E9B9056}"
EndProject
Global
	GlobalSection(SolutionConfigurationPlatforms) = preSolution
		Debug|Any CPU = Debug|Any CPU
		Release|Any CPU = Release|Any CPU
	EndGlobalSection
	GlobalSection(ProjectConfigurationPlatforms) = postSolution
		{4A3498CE-3399-4778-8EA5-10084E9B9056}.Debug|Any CPU.ActiveCfg = Debug|Any CPU
		{4A3498CE-3399-4778-8EA5-10084E9B9056}.Debug|Any CPU.Build.0 = Debug|Any CPU
		{4A3498CE-3399-4778-8EA5-10084E9B9056}.Release|Any CPU.ActiveCfg = Release|Any CPU
		{4A3498CE-3399-4778-8EA5-10084E9B9056}.Release|Any CPU.Build.0 = Release|Any CPU
	EndGlobalSection
	GlobalSection(SolutionProperties) = preSolution
		HideSolutionNode = FALSE
	EndGlobalSection
	GlobalSection(ExtensibilityGlobals) = postSolution
		SolutionGuid = {0AB0D89A-87F6-4555-BA66-F3490B65837F}
	EndGlobalSection
EndGlobal
