
Microsoft Visual Studio Solution File, Format Version 12.00
# Visual Studio Version 16
VisualStudioVersion = 16.0.30413.136
MinimumVisualStudioVersion = 10.0.40219.1
Project("{FAE04EC0-301F-11D3-BF4B-00C04F79EFBC}") = "Task4", "Task4\Task4.csproj", "{F472359A-3668-49A2-9F42-2F43C0B66FFF}"
EndProject
Global
	GlobalSection(SolutionConfigurationPlatforms) = preSolution
		Debug|Any CPU = Debug|Any CPU
		Release|Any CPU = Release|Any CPU
	EndGlobalSection
	GlobalSection(ProjectConfigurationPlatforms) = postSolution
		{F472359A-3668-49A2-9F42-2F43C0B66FFF}.Debug|Any CPU.ActiveCfg = Debug|Any CPU
		{F472359A-3668-49A2-9F42-2F43C0B66FFF}.Debug|Any CPU.Build.0 = Debug|Any CPU
		{F472359A-3668-49A2-9F42-2F43C0B66FFF}.Release|Any CPU.ActiveCfg = Release|Any CPU
		{F472359A-3668-49A2-9F42-2F43C0B66FFF}.Release|Any CPU.Build.0 = Release|Any CPU
	EndGlobalSection
	GlobalSection(SolutionProperties) = preSolution
		HideSolutionNode = FALSE
	EndGlobalSection
	GlobalSection(ExtensibilityGlobals) = postSolution
		SolutionGuid = {32B192BE-2C4D-4602-9F8B-3B0BE6A4338A}
	EndGlobalSection
EndGlobal
