
Microsoft Visual Studio Solution File, Format Version 12.00
# Visual Studio Version 16
VisualStudioVersion = 16.0.31005.135
MinimumVisualStudioVersion = 10.0.40219.1
Project("{FAE04EC0-301F-11D3-BF4B-00C04F79EFBC}") = "Task03", "Task03.csproj", "{ACF3C661-494E-4FEF-AC25-8E1F862E01C0}"
EndProject
Global
	GlobalSection(SolutionConfigurationPlatforms) = preSolution
		Debug|Any CPU = Debug|Any CPU
		Release|Any CPU = Release|Any CPU
	EndGlobalSection
	GlobalSection(ProjectConfigurationPlatforms) = postSolution
		{ACF3C661-494E-4FEF-AC25-8E1F862E01C0}.Debug|Any CPU.ActiveCfg = Debug|Any CPU
		{ACF3C661-494E-4FEF-AC25-8E1F862E01C0}.Debug|Any CPU.Build.0 = Debug|Any CPU
		{ACF3C661-494E-4FEF-AC25-8E1F862E01C0}.Release|Any CPU.ActiveCfg = Release|Any CPU
		{ACF3C661-494E-4FEF-AC25-8E1F862E01C0}.Release|Any CPU.Build.0 = Release|Any CPU
	EndGlobalSection
	GlobalSection(SolutionProperties) = preSolution
		HideSolutionNode = FALSE
	EndGlobalSection
	GlobalSection(ExtensibilityGlobals) = postSolution
		SolutionGuid = {14D54FC6-22C8-4356-8C56-A5570503B257}
	EndGlobalSection
EndGlobal
